
Microsoft Visual Studio Solution File, Format Version 12.00
# Visual Studio Version 16
VisualStudioVersion = 16.0.30320.27
MinimumVisualStudioVersion = 10.0.40219.1
Project("{FAE04EC0-301F-11D3-BF4B-00C04F79EFBC}") = "Website", "Website\Website.csproj", "{900746A9-5695-4C0B-9F64-CF95BABA5ADC}"
EndProject
Project("{2150E333-8FDC-42A3-9474-1A3956D46DE8}") = "Feature", "Feature", "{CFC78933-2CC2-4234-AFDF-D8816722EE42}"
EndProject
Project("{2150E333-8FDC-42A3-9474-1A3956D46DE8}") = "Foundation", "Foundation", "{568877F8-097D-4BC6-9FB6-ECF50142B217}"
EndProject
Project("{2150E333-8FDC-42A3-9474-1A3956D46DE8}") = "Project", "Project", "{54DF898C-25C8-4140-97EF-5C245E6A3F48}"
EndProject
Project("{2150E333-8FDC-42A3-9474-1A3956D46DE8}") = "NuGet", "NuGet", "{9891A265-5C77-4DFC-A699-034119301342}"
	ProjectSection(SolutionItems) = preProject
		nuget.config = nuget.config
	EndProjectSection
EndProject
Project("{FAE04EC0-301F-11D3-BF4B-00C04F79EFBC}") = "Feature.Navigation", "Feature.Navigation\Feature.Navigation.csproj", "{8C29D5EB-84DE-40B2-9343-A0D4950ECF61}"
EndProject
Project("{FAE04EC0-301F-11D3-BF4B-00C04F79EFBC}") = "Feature.Content", "Feature.Content\Feature.Content.csproj", "{F3F7CD87-6087-47E6-80A1-4D0BFC5F4164}"
EndProject
Project("{CAA73BB0-EF22-4D79-A57E-DF67B3BA9C80}") = "Feature.Navigation.TDS", "Feature.Navigation.TDS\Feature.Navigation.TDS.scproj", "{234EFCCE-24AE-40FB-855A-DC7717F21C72}"
EndProject
Project("{2150E333-8FDC-42A3-9474-1A3956D46DE8}") = "_TDS", "_TDS", "{3E642770-9C91-4B21-9EF8-AE75416E1D47}"
	ProjectSection(SolutionItems) = preProject
		TdsGlobal.config = TdsGlobal.config
	EndProjectSection
EndProject
Project("{CAA73BB0-EF22-4D79-A57E-DF67B3BA9C80}") = "Project.SendPizza.TDS", "Project.ZodiacManual.TDS\Project.SendPizza.TDS.scproj", "{211AE8FE-8E59-494E-99C8-032491AFC0B2}"
EndProject
Project("{CAA73BB0-EF22-4D79-A57E-DF67B3BA9C80}") = "Website.Deploy.TDS", "Website.Deploy.TDS\Website.Deploy.TDS.scproj", "{FAC43FB0-C18C-4D6F-98D5-C7A6708F67D5}"
EndProject
Project("{CAA73BB0-EF22-4D79-A57E-DF67B3BA9C80}") = "Foundation.Pages.TDS", "Foundation.Pages.TDS\Foundation.Pages.TDS.scproj", "{359E0310-A030-4701-A343-4D8BA4689D6F}"
EndProject
Project("{CAA73BB0-EF22-4D79-A57E-DF67B3BA9C80}") = "Foundation.Navigation.TDS", "Foundation.Navigation.TDS\Foundation.Navigation.TDS.scproj", "{750A592E-0B90-46FF-B9D8-0A56A380F2CA}"
EndProject
Project("{CAA73BB0-EF22-4D79-A57E-DF67B3BA9C80}") = "Feature.Content.TDS", "Feature.Content.TDS\Feature.Content.TDS.scproj", "{59F7229D-FAAE-47A7-8222-334A764C20B0}"
EndProject
Project("{FAE04EC0-301F-11D3-BF4B-00C04F79EFBC}") = "Feature.Mastheads", "Feature.Mastheads\Feature.Mastheads.csproj", "{85ACC20F-A206-4767-AFF4-E4F694D57F2D}"
EndProject
Project("{CAA73BB0-EF22-4D79-A57E-DF67B3BA9C80}") = "Feature.Mastheads.TDS", "Feature.Mastheads.TDS\Feature.Mastheads.TDS.scproj", "{66731899-27E8-48E9-9747-EB3DAEB0D1E1}"
EndProject
Project("{FAE04EC0-301F-11D3-BF4B-00C04F79EFBC}") = "Foundation.Videos", "Foundation.Videos\Foundation.Videos.csproj", "{F4DB1858-FAFB-4684-9C6C-953DE23F4070}"
EndProject
Project("{CAA73BB0-EF22-4D79-A57E-DF67B3BA9C80}") = "Foundation.Videos.TDS", "Foundation.Videos.TDS\Foundation.Videos.TDS.scproj", "{6979074A-D7D4-40D8-A837-176256BD3FAB}"
EndProject
Project("{CAA73BB0-EF22-4D79-A57E-DF67B3BA9C80}") = "Feature.Mastheads.Core.TDS", "Feature.Mastheads.Core.TDS\Feature.Mastheads.Core.TDS.scproj", "{00052B49-32E4-475A-B695-28D6E0380AB3}"
EndProject
Project("{CAA73BB0-EF22-4D79-A57E-DF67B3BA9C80}") = "Feature.Alerts.TDS", "Feature.Alerts.TDS\Feature.Alerts.TDS.scproj", "{F118F49F-786F-4F0C-8EEB-630867FD659A}"
EndProject
Project("{FAE04EC0-301F-11D3-BF4B-00C04F79EFBC}") = "Feature.Alerts", "Feature.Alerts\Feature.Alerts.csproj", "{9BA8A002-121D-4B55-9AE6-9EDE07C2C5AA}"
EndProject
Project("{FAE04EC0-301F-11D3-BF4B-00C04F79EFBC}") = "Feature.RelatedContent", "Feature.RelatedContent\Feature.RelatedContent.csproj", "{04F313D0-6DBA-449E-AFB6-955CB267C93C}"
EndProject
Project("{CAA73BB0-EF22-4D79-A57E-DF67B3BA9C80}") = "Feature.RelatedContent.TDS", "Feature.RelatedContent.TDS\Feature.RelatedContent.TDS.scproj", "{FAFBA83A-B471-41EB-BA92-068F8E59A7CB}"
EndProject
Project("{CAA73BB0-EF22-4D79-A57E-DF67B3BA9C80}") = "Feature.RelatedContent.Core.TDS", "Feature.RelatedContent.Core.TDS\Feature.RelatedContent.Core.TDS.scproj", "{DE8A2712-9BFE-415E-B85E-CFDA3B96CFD8}"
EndProject
Project("{FAE04EC0-301F-11D3-BF4B-00C04F79EFBC}") = "Feature.PrimaryContent", "Feature.PrimaryContent\Feature.PrimaryContent.csproj", "{A37ACE0F-827E-4EAF-B35E-6515633226F7}"
EndProject
Project("{CAA73BB0-EF22-4D79-A57E-DF67B3BA9C80}") = "Feature.PrimaryContent.TDS", "Feature.PrimaryContent.TDS\Feature.PrimaryContent.TDS.scproj", "{07B9C80D-8904-4335-A835-7E29C21FF47C}"
EndProject
Project("{CAA73BB0-EF22-4D79-A57E-DF67B3BA9C80}") = "Feature.PrimaryContent.Core.TDS", "Feature.PrimaryContent.Core.TDS\Feature.PrimaryContent.Core.TDS.scproj", "{944E7A75-C39D-4253-835A-E64EB07949D9}"
EndProject
Project("{2150E333-8FDC-42A3-9474-1A3956D46DE8}") = "Alerts", "Alerts", "{41F9EA46-2736-480F-9E21-D06A1E863EEC}"
EndProject
Project("{2150E333-8FDC-42A3-9474-1A3956D46DE8}") = "Primary Content", "Primary Content", "{F8334E2E-5B7C-4B30-A219-9861C83D4A9B}"
EndProject
Project("{2150E333-8FDC-42A3-9474-1A3956D46DE8}") = "Related Content", "Related Content", "{3E7E00A2-42B1-4588-8F6C-274F72B766B1}"
EndProject
Project("{2150E333-8FDC-42A3-9474-1A3956D46DE8}") = "Mastheads", "Mastheads", "{51F0F34B-8049-4719-A430-C94CC1877ACF}"
EndProject
Project("{2150E333-8FDC-42A3-9474-1A3956D46DE8}") = "Navigation", "Navigation", "{3D3D0053-22B8-47F8-A2E0-62B06925990A}"
EndProject
Project("{2150E333-8FDC-42A3-9474-1A3956D46DE8}") = "Videos", "Videos", "{B33B669C-B09B-419E-90DA-80B73750F0D0}"
EndProject
Project("{2150E333-8FDC-42A3-9474-1A3956D46DE8}") = "Navigation", "Navigation", "{A50A7E8D-C3C9-4AB9-A983-8FB8B578F8D8}"
EndProject
Project("{2150E333-8FDC-42A3-9474-1A3956D46DE8}") = "Pages", "Pages", "{254C4329-C32C-44B7-84DC-AC807AADEAAE}"
EndProject
Project("{2150E333-8FDC-42A3-9474-1A3956D46DE8}") = "Testimonials", "Testimonials", "{05DFD4E6-D060-40DC-8184-68227A7A6B6B}"
EndProject
Project("{CAA73BB0-EF22-4D79-A57E-DF67B3BA9C80}") = "Feature.Testimonials.TDS", "Feature.Testimonials.TDS\Feature.Testimonials.TDS.scproj", "{AA2847FD-0ECD-4E92-9F38-AD3990761926}"
EndProject
Project("{CAA73BB0-EF22-4D79-A57E-DF67B3BA9C80}") = "Feature.Testimonials.Core.TDS", "Feature.Testimonials.Core.TDS\Feature.Testimonials.Core.TDS.scproj", "{BB1515DA-64EC-41EC-B78F-72A1A3998250}"
EndProject
Project("{FAE04EC0-301F-11D3-BF4B-00C04F79EFBC}") = "Feature.Testimonials", "Feature.Testimonials\Feature.Testimonials.csproj", "{423E077F-C559-4379-A2EC-41977206E174}"
EndProject
Project("{2150E333-8FDC-42A3-9474-1A3956D46DE8}") = "Timeline", "Timeline", "{8F80E7F1-198C-49B9-B932-29BFFC21F7BA}"
EndProject
Project("{FAE04EC0-301F-11D3-BF4B-00C04F79EFBC}") = "Feature.Timeline", "Feature.Timeline\Feature.Timeline.csproj", "{C5B5E56C-EC94-4E73-8D62-1472766F08B4}"
EndProject
Project("{CAA73BB0-EF22-4D79-A57E-DF67B3BA9C80}") = "Feature.Timeline.TDS", "Feature.Timeline.TDS\Feature.Timeline.TDS.scproj", "{C4701EF2-CBD4-4B58-87E9-D466CFBF1E4B}"
EndProject
Project("{CAA73BB0-EF22-4D79-A57E-DF67B3BA9C80}") = "Feature.Timeline.Core.TDS", "Feature.Timeline.Core.TDS\Feature.Timeline.Core.TDS.scproj", "{BDEEBBD7-403C-48C5-B2CB-3A1360A82862}"
EndProject
Project("{CAA73BB0-EF22-4D79-A57E-DF67B3BA9C80}") = "Project.ReuseLibrary.TDS", "Project.ReuseLibrary.TDS\Project.ReuseLibrary.TDS.scproj", "{5BE56C19-E859-4105-A85E-44BB3D597B2F}"
EndProject
Project("{2150E333-8FDC-42A3-9474-1A3956D46DE8}") = "Tracking", "Tracking", "{1E72B621-B342-41C7-A14C-83B53F879078}"
EndProject
Project("{FAE04EC0-301F-11D3-BF4B-00C04F79EFBC}") = "Feature.Tracking", "Feature.Tracking\Feature.Tracking.csproj", "{62EB1FBC-D77A-4BE3-A9F0-08FC64699A8F}"
EndProject
Project("{CAA73BB0-EF22-4D79-A57E-DF67B3BA9C80}") = "Feature.Tracking.TDS", "Feature.Tracking.TDS\Feature.Tracking.TDS.scproj", "{7C60637C-A35D-4E83-BDBD-EB1B981D8E30}"
EndProject
Project("{2150E333-8FDC-42A3-9474-1A3956D46DE8}") = "Mvc", "Mvc", "{E6054D07-483F-4B35-B235-A82EA5661447}"
EndProject
Project("{2150E333-8FDC-42A3-9474-1A3956D46DE8}") = "Patterns", "Patterns", "{867B36B3-FDCB-4C1E-8BD0-C08757D13539}"
EndProject
Project("{FAE04EC0-301F-11D3-BF4B-00C04F79EFBC}") = "Foundation.Mvc.Patterns", "Foundation.Mvc.Patterns\Foundation.Mvc.Patterns.csproj", "{5C854DC7-66B1-4BA7-88F0-FAB5CEABB7EE}"
EndProject
Project("{CAA73BB0-EF22-4D79-A57E-DF67B3BA9C80}") = "Feature.Tracking.Core.TDS", "Feature.Tracking.Core.TDS\Feature.Tracking.Core.TDS.scproj", "{34AE4409-ABEB-41BB-8C3D-79ED10FB598B}"
EndProject
Project("{2150E333-8FDC-42A3-9474-1A3956D46DE8}") = "Content", "Content", "{1EA38B7B-7ACB-445B-9CE8-ADA22BA3F3D8}"
EndProject
Global
	GlobalSection(SolutionConfigurationPlatforms) = preSolution
		Debug|Any CPU = Debug|Any CPU
		Release|Any CPU = Release|Any CPU
	EndGlobalSection
	GlobalSection(ProjectConfigurationPlatforms) = postSolution
		{900746A9-5695-4C0B-9F64-CF95BABA5ADC}.Debug|Any CPU.ActiveCfg = Debug|Any CPU
		{900746A9-5695-4C0B-9F64-CF95BABA5ADC}.Debug|Any CPU.Build.0 = Debug|Any CPU
		{900746A9-5695-4C0B-9F64-CF95BABA5ADC}.Release|Any CPU.ActiveCfg = Release|Any CPU
		{900746A9-5695-4C0B-9F64-CF95BABA5ADC}.Release|Any CPU.Build.0 = Release|Any CPU
		{8C29D5EB-84DE-40B2-9343-A0D4950ECF61}.Debug|Any CPU.ActiveCfg = Debug|Any CPU
		{8C29D5EB-84DE-40B2-9343-A0D4950ECF61}.Debug|Any CPU.Build.0 = Debug|Any CPU
		{8C29D5EB-84DE-40B2-9343-A0D4950ECF61}.Release|Any CPU.ActiveCfg = Release|Any CPU
		{8C29D5EB-84DE-40B2-9343-A0D4950ECF61}.Release|Any CPU.Build.0 = Release|Any CPU
		{F3F7CD87-6087-47E6-80A1-4D0BFC5F4164}.Debug|Any CPU.ActiveCfg = Debug|Any CPU
		{F3F7CD87-6087-47E6-80A1-4D0BFC5F4164}.Debug|Any CPU.Build.0 = Debug|Any CPU
		{F3F7CD87-6087-47E6-80A1-4D0BFC5F4164}.Release|Any CPU.ActiveCfg = Release|Any CPU
		{F3F7CD87-6087-47E6-80A1-4D0BFC5F4164}.Release|Any CPU.Build.0 = Release|Any CPU
		{234EFCCE-24AE-40FB-855A-DC7717F21C72}.Debug|Any CPU.ActiveCfg = Debug|Any CPU
		{234EFCCE-24AE-40FB-855A-DC7717F21C72}.Debug|Any CPU.Build.0 = Debug|Any CPU
		{234EFCCE-24AE-40FB-855A-DC7717F21C72}.Debug|Any CPU.Deploy.0 = Debug|Any CPU
		{234EFCCE-24AE-40FB-855A-DC7717F21C72}.Release|Any CPU.ActiveCfg = Release|Any CPU
		{234EFCCE-24AE-40FB-855A-DC7717F21C72}.Release|Any CPU.Build.0 = Release|Any CPU
		{234EFCCE-24AE-40FB-855A-DC7717F21C72}.Release|Any CPU.Deploy.0 = Release|Any CPU
		{211AE8FE-8E59-494E-99C8-032491AFC0B2}.Debug|Any CPU.ActiveCfg = Debug|Any CPU
		{211AE8FE-8E59-494E-99C8-032491AFC0B2}.Debug|Any CPU.Build.0 = Debug|Any CPU
		{211AE8FE-8E59-494E-99C8-032491AFC0B2}.Debug|Any CPU.Deploy.0 = Debug|Any CPU
		{211AE8FE-8E59-494E-99C8-032491AFC0B2}.Release|Any CPU.ActiveCfg = Release|Any CPU
		{211AE8FE-8E59-494E-99C8-032491AFC0B2}.Release|Any CPU.Build.0 = Release|Any CPU
		{211AE8FE-8E59-494E-99C8-032491AFC0B2}.Release|Any CPU.Deploy.0 = Release|Any CPU
		{FAC43FB0-C18C-4D6F-98D5-C7A6708F67D5}.Debug|Any CPU.ActiveCfg = Debug|Any CPU
		{FAC43FB0-C18C-4D6F-98D5-C7A6708F67D5}.Debug|Any CPU.Build.0 = Debug|Any CPU
		{FAC43FB0-C18C-4D6F-98D5-C7A6708F67D5}.Debug|Any CPU.Deploy.0 = Debug|Any CPU
		{FAC43FB0-C18C-4D6F-98D5-C7A6708F67D5}.Release|Any CPU.ActiveCfg = Release|Any CPU
		{FAC43FB0-C18C-4D6F-98D5-C7A6708F67D5}.Release|Any CPU.Build.0 = Release|Any CPU
		{FAC43FB0-C18C-4D6F-98D5-C7A6708F67D5}.Release|Any CPU.Deploy.0 = Release|Any CPU
		{359E0310-A030-4701-A343-4D8BA4689D6F}.Debug|Any CPU.ActiveCfg = Debug|Any CPU
		{359E0310-A030-4701-A343-4D8BA4689D6F}.Debug|Any CPU.Build.0 = Debug|Any CPU
		{359E0310-A030-4701-A343-4D8BA4689D6F}.Debug|Any CPU.Deploy.0 = Debug|Any CPU
		{359E0310-A030-4701-A343-4D8BA4689D6F}.Release|Any CPU.ActiveCfg = Release|Any CPU
		{359E0310-A030-4701-A343-4D8BA4689D6F}.Release|Any CPU.Build.0 = Release|Any CPU
		{359E0310-A030-4701-A343-4D8BA4689D6F}.Release|Any CPU.Deploy.0 = Release|Any CPU
		{750A592E-0B90-46FF-B9D8-0A56A380F2CA}.Debug|Any CPU.ActiveCfg = Debug|Any CPU
		{750A592E-0B90-46FF-B9D8-0A56A380F2CA}.Debug|Any CPU.Build.0 = Debug|Any CPU
		{750A592E-0B90-46FF-B9D8-0A56A380F2CA}.Debug|Any CPU.Deploy.0 = Debug|Any CPU
		{750A592E-0B90-46FF-B9D8-0A56A380F2CA}.Release|Any CPU.ActiveCfg = Release|Any CPU
		{750A592E-0B90-46FF-B9D8-0A56A380F2CA}.Release|Any CPU.Build.0 = Release|Any CPU
		{750A592E-0B90-46FF-B9D8-0A56A380F2CA}.Release|Any CPU.Deploy.0 = Release|Any CPU
		{59F7229D-FAAE-47A7-8222-334A764C20B0}.Debug|Any CPU.ActiveCfg = Debug|Any CPU
		{59F7229D-FAAE-47A7-8222-334A764C20B0}.Debug|Any CPU.Build.0 = Debug|Any CPU
		{59F7229D-FAAE-47A7-8222-334A764C20B0}.Debug|Any CPU.Deploy.0 = Debug|Any CPU
		{59F7229D-FAAE-47A7-8222-334A764C20B0}.Release|Any CPU.ActiveCfg = Release|Any CPU
		{59F7229D-FAAE-47A7-8222-334A764C20B0}.Release|Any CPU.Build.0 = Release|Any CPU
		{59F7229D-FAAE-47A7-8222-334A764C20B0}.Release|Any CPU.Deploy.0 = Release|Any CPU
		{85ACC20F-A206-4767-AFF4-E4F694D57F2D}.Debug|Any CPU.ActiveCfg = Debug|Any CPU
		{85ACC20F-A206-4767-AFF4-E4F694D57F2D}.Debug|Any CPU.Build.0 = Debug|Any CPU
		{85ACC20F-A206-4767-AFF4-E4F694D57F2D}.Release|Any CPU.ActiveCfg = Release|Any CPU
		{85ACC20F-A206-4767-AFF4-E4F694D57F2D}.Release|Any CPU.Build.0 = Release|Any CPU
		{66731899-27E8-48E9-9747-EB3DAEB0D1E1}.Debug|Any CPU.ActiveCfg = Debug|Any CPU
		{66731899-27E8-48E9-9747-EB3DAEB0D1E1}.Debug|Any CPU.Build.0 = Debug|Any CPU
		{66731899-27E8-48E9-9747-EB3DAEB0D1E1}.Debug|Any CPU.Deploy.0 = Debug|Any CPU
		{66731899-27E8-48E9-9747-EB3DAEB0D1E1}.Release|Any CPU.ActiveCfg = Release|Any CPU
		{66731899-27E8-48E9-9747-EB3DAEB0D1E1}.Release|Any CPU.Build.0 = Release|Any CPU
		{66731899-27E8-48E9-9747-EB3DAEB0D1E1}.Release|Any CPU.Deploy.0 = Release|Any CPU
		{F4DB1858-FAFB-4684-9C6C-953DE23F4070}.Debug|Any CPU.ActiveCfg = Debug|Any CPU
		{F4DB1858-FAFB-4684-9C6C-953DE23F4070}.Debug|Any CPU.Build.0 = Debug|Any CPU
		{F4DB1858-FAFB-4684-9C6C-953DE23F4070}.Release|Any CPU.ActiveCfg = Release|Any CPU
		{F4DB1858-FAFB-4684-9C6C-953DE23F4070}.Release|Any CPU.Build.0 = Release|Any CPU
		{6979074A-D7D4-40D8-A837-176256BD3FAB}.Debug|Any CPU.ActiveCfg = Debug|Any CPU
		{6979074A-D7D4-40D8-A837-176256BD3FAB}.Debug|Any CPU.Build.0 = Debug|Any CPU
		{6979074A-D7D4-40D8-A837-176256BD3FAB}.Debug|Any CPU.Deploy.0 = Debug|Any CPU
		{6979074A-D7D4-40D8-A837-176256BD3FAB}.Release|Any CPU.ActiveCfg = Release|Any CPU
		{6979074A-D7D4-40D8-A837-176256BD3FAB}.Release|Any CPU.Build.0 = Release|Any CPU
		{6979074A-D7D4-40D8-A837-176256BD3FAB}.Release|Any CPU.Deploy.0 = Release|Any CPU
		{00052B49-32E4-475A-B695-28D6E0380AB3}.Debug|Any CPU.ActiveCfg = Debug|Any CPU
		{00052B49-32E4-475A-B695-28D6E0380AB3}.Debug|Any CPU.Build.0 = Debug|Any CPU
		{00052B49-32E4-475A-B695-28D6E0380AB3}.Debug|Any CPU.Deploy.0 = Debug|Any CPU
		{00052B49-32E4-475A-B695-28D6E0380AB3}.Release|Any CPU.ActiveCfg = Release|Any CPU
		{00052B49-32E4-475A-B695-28D6E0380AB3}.Release|Any CPU.Build.0 = Release|Any CPU
		{00052B49-32E4-475A-B695-28D6E0380AB3}.Release|Any CPU.Deploy.0 = Release|Any CPU
		{F118F49F-786F-4F0C-8EEB-630867FD659A}.Debug|Any CPU.ActiveCfg = Debug|Any CPU
		{F118F49F-786F-4F0C-8EEB-630867FD659A}.Debug|Any CPU.Build.0 = Debug|Any CPU
		{F118F49F-786F-4F0C-8EEB-630867FD659A}.Debug|Any CPU.Deploy.0 = Debug|Any CPU
		{F118F49F-786F-4F0C-8EEB-630867FD659A}.Release|Any CPU.ActiveCfg = Release|Any CPU
		{F118F49F-786F-4F0C-8EEB-630867FD659A}.Release|Any CPU.Build.0 = Release|Any CPU
		{F118F49F-786F-4F0C-8EEB-630867FD659A}.Release|Any CPU.Deploy.0 = Release|Any CPU
		{9BA8A002-121D-4B55-9AE6-9EDE07C2C5AA}.Debug|Any CPU.ActiveCfg = Debug|Any CPU
		{9BA8A002-121D-4B55-9AE6-9EDE07C2C5AA}.Debug|Any CPU.Build.0 = Debug|Any CPU
		{9BA8A002-121D-4B55-9AE6-9EDE07C2C5AA}.Release|Any CPU.ActiveCfg = Release|Any CPU
		{9BA8A002-121D-4B55-9AE6-9EDE07C2C5AA}.Release|Any CPU.Build.0 = Release|Any CPU
		{04F313D0-6DBA-449E-AFB6-955CB267C93C}.Debug|Any CPU.ActiveCfg = Debug|Any CPU
		{04F313D0-6DBA-449E-AFB6-955CB267C93C}.Debug|Any CPU.Build.0 = Debug|Any CPU
		{04F313D0-6DBA-449E-AFB6-955CB267C93C}.Release|Any CPU.ActiveCfg = Release|Any CPU
		{04F313D0-6DBA-449E-AFB6-955CB267C93C}.Release|Any CPU.Build.0 = Release|Any CPU
		{FAFBA83A-B471-41EB-BA92-068F8E59A7CB}.Debug|Any CPU.ActiveCfg = Debug|Any CPU
		{FAFBA83A-B471-41EB-BA92-068F8E59A7CB}.Debug|Any CPU.Build.0 = Debug|Any CPU
		{FAFBA83A-B471-41EB-BA92-068F8E59A7CB}.Debug|Any CPU.Deploy.0 = Debug|Any CPU
		{FAFBA83A-B471-41EB-BA92-068F8E59A7CB}.Release|Any CPU.ActiveCfg = Release|Any CPU
		{FAFBA83A-B471-41EB-BA92-068F8E59A7CB}.Release|Any CPU.Build.0 = Release|Any CPU
		{FAFBA83A-B471-41EB-BA92-068F8E59A7CB}.Release|Any CPU.Deploy.0 = Release|Any CPU
		{DE8A2712-9BFE-415E-B85E-CFDA3B96CFD8}.Debug|Any CPU.ActiveCfg = Debug|Any CPU
		{DE8A2712-9BFE-415E-B85E-CFDA3B96CFD8}.Debug|Any CPU.Build.0 = Debug|Any CPU
		{DE8A2712-9BFE-415E-B85E-CFDA3B96CFD8}.Debug|Any CPU.Deploy.0 = Debug|Any CPU
		{DE8A2712-9BFE-415E-B85E-CFDA3B96CFD8}.Release|Any CPU.ActiveCfg = Release|Any CPU
		{DE8A2712-9BFE-415E-B85E-CFDA3B96CFD8}.Release|Any CPU.Build.0 = Release|Any CPU
		{DE8A2712-9BFE-415E-B85E-CFDA3B96CFD8}.Release|Any CPU.Deploy.0 = Release|Any CPU
		{A37ACE0F-827E-4EAF-B35E-6515633226F7}.Debug|Any CPU.ActiveCfg = Debug|Any CPU
		{A37ACE0F-827E-4EAF-B35E-6515633226F7}.Debug|Any CPU.Build.0 = Debug|Any CPU
		{A37ACE0F-827E-4EAF-B35E-6515633226F7}.Release|Any CPU.ActiveCfg = Release|Any CPU
		{A37ACE0F-827E-4EAF-B35E-6515633226F7}.Release|Any CPU.Build.0 = Release|Any CPU
		{07B9C80D-8904-4335-A835-7E29C21FF47C}.Debug|Any CPU.ActiveCfg = Debug|Any CPU
		{07B9C80D-8904-4335-A835-7E29C21FF47C}.Debug|Any CPU.Build.0 = Debug|Any CPU
		{07B9C80D-8904-4335-A835-7E29C21FF47C}.Debug|Any CPU.Deploy.0 = Debug|Any CPU
		{07B9C80D-8904-4335-A835-7E29C21FF47C}.Release|Any CPU.ActiveCfg = Release|Any CPU
		{07B9C80D-8904-4335-A835-7E29C21FF47C}.Release|Any CPU.Build.0 = Release|Any CPU
		{07B9C80D-8904-4335-A835-7E29C21FF47C}.Release|Any CPU.Deploy.0 = Release|Any CPU
		{944E7A75-C39D-4253-835A-E64EB07949D9}.Debug|Any CPU.ActiveCfg = Debug|Any CPU
		{944E7A75-C39D-4253-835A-E64EB07949D9}.Debug|Any CPU.Build.0 = Debug|Any CPU
		{944E7A75-C39D-4253-835A-E64EB07949D9}.Debug|Any CPU.Deploy.0 = Debug|Any CPU
		{944E7A75-C39D-4253-835A-E64EB07949D9}.Release|Any CPU.ActiveCfg = Release|Any CPU
		{944E7A75-C39D-4253-835A-E64EB07949D9}.Release|Any CPU.Build.0 = Release|Any CPU
		{944E7A75-C39D-4253-835A-E64EB07949D9}.Release|Any CPU.Deploy.0 = Release|Any CPU
		{AA2847FD-0ECD-4E92-9F38-AD3990761926}.Debug|Any CPU.ActiveCfg = Debug|Any CPU
		{AA2847FD-0ECD-4E92-9F38-AD3990761926}.Debug|Any CPU.Build.0 = Debug|Any CPU
		{AA2847FD-0ECD-4E92-9F38-AD3990761926}.Debug|Any CPU.Deploy.0 = Debug|Any CPU
		{AA2847FD-0ECD-4E92-9F38-AD3990761926}.Release|Any CPU.ActiveCfg = Release|Any CPU
		{AA2847FD-0ECD-4E92-9F38-AD3990761926}.Release|Any CPU.Build.0 = Release|Any CPU
		{AA2847FD-0ECD-4E92-9F38-AD3990761926}.Release|Any CPU.Deploy.0 = Release|Any CPU
		{BB1515DA-64EC-41EC-B78F-72A1A3998250}.Debug|Any CPU.ActiveCfg = Debug|Any CPU
		{BB1515DA-64EC-41EC-B78F-72A1A3998250}.Debug|Any CPU.Build.0 = Debug|Any CPU
		{BB1515DA-64EC-41EC-B78F-72A1A3998250}.Debug|Any CPU.Deploy.0 = Debug|Any CPU
		{BB1515DA-64EC-41EC-B78F-72A1A3998250}.Release|Any CPU.ActiveCfg = Release|Any CPU
		{BB1515DA-64EC-41EC-B78F-72A1A3998250}.Release|Any CPU.Build.0 = Release|Any CPU
		{BB1515DA-64EC-41EC-B78F-72A1A3998250}.Release|Any CPU.Deploy.0 = Release|Any CPU
		{423E077F-C559-4379-A2EC-41977206E174}.Debug|Any CPU.ActiveCfg = Debug|Any CPU
		{423E077F-C559-4379-A2EC-41977206E174}.Debug|Any CPU.Build.0 = Debug|Any CPU
		{423E077F-C559-4379-A2EC-41977206E174}.Release|Any CPU.ActiveCfg = Release|Any CPU
		{423E077F-C559-4379-A2EC-41977206E174}.Release|Any CPU.Build.0 = Release|Any CPU
		{C5B5E56C-EC94-4E73-8D62-1472766F08B4}.Debug|Any CPU.ActiveCfg = Debug|Any CPU
		{C5B5E56C-EC94-4E73-8D62-1472766F08B4}.Debug|Any CPU.Build.0 = Debug|Any CPU
		{C5B5E56C-EC94-4E73-8D62-1472766F08B4}.Release|Any CPU.ActiveCfg = Release|Any CPU
		{C5B5E56C-EC94-4E73-8D62-1472766F08B4}.Release|Any CPU.Build.0 = Release|Any CPU
		{C4701EF2-CBD4-4B58-87E9-D466CFBF1E4B}.Debug|Any CPU.ActiveCfg = Debug|Any CPU
		{C4701EF2-CBD4-4B58-87E9-D466CFBF1E4B}.Debug|Any CPU.Build.0 = Debug|Any CPU
		{C4701EF2-CBD4-4B58-87E9-D466CFBF1E4B}.Debug|Any CPU.Deploy.0 = Debug|Any CPU
		{C4701EF2-CBD4-4B58-87E9-D466CFBF1E4B}.Release|Any CPU.ActiveCfg = Release|Any CPU
		{C4701EF2-CBD4-4B58-87E9-D466CFBF1E4B}.Release|Any CPU.Build.0 = Release|Any CPU
		{C4701EF2-CBD4-4B58-87E9-D466CFBF1E4B}.Release|Any CPU.Deploy.0 = Release|Any CPU
		{BDEEBBD7-403C-48C5-B2CB-3A1360A82862}.Debug|Any CPU.ActiveCfg = Debug|Any CPU
		{BDEEBBD7-403C-48C5-B2CB-3A1360A82862}.Debug|Any CPU.Build.0 = Debug|Any CPU
		{BDEEBBD7-403C-48C5-B2CB-3A1360A82862}.Debug|Any CPU.Deploy.0 = Debug|Any CPU
		{BDEEBBD7-403C-48C5-B2CB-3A1360A82862}.Release|Any CPU.ActiveCfg = Release|Any CPU
		{BDEEBBD7-403C-48C5-B2CB-3A1360A82862}.Release|Any CPU.Build.0 = Release|Any CPU
		{BDEEBBD7-403C-48C5-B2CB-3A1360A82862}.Release|Any CPU.Deploy.0 = Release|Any CPU
		{5BE56C19-E859-4105-A85E-44BB3D597B2F}.Debug|Any CPU.ActiveCfg = Debug|Any CPU
		{5BE56C19-E859-4105-A85E-44BB3D597B2F}.Debug|Any CPU.Build.0 = Debug|Any CPU
		{5BE56C19-E859-4105-A85E-44BB3D597B2F}.Debug|Any CPU.Deploy.0 = Debug|Any CPU
		{5BE56C19-E859-4105-A85E-44BB3D597B2F}.Release|Any CPU.ActiveCfg = Release|Any CPU
		{5BE56C19-E859-4105-A85E-44BB3D597B2F}.Release|Any CPU.Build.0 = Release|Any CPU
		{5BE56C19-E859-4105-A85E-44BB3D597B2F}.Release|Any CPU.Deploy.0 = Release|Any CPU
		{62EB1FBC-D77A-4BE3-A9F0-08FC64699A8F}.Debug|Any CPU.ActiveCfg = Debug|Any CPU
		{62EB1FBC-D77A-4BE3-A9F0-08FC64699A8F}.Debug|Any CPU.Build.0 = Debug|Any CPU
		{62EB1FBC-D77A-4BE3-A9F0-08FC64699A8F}.Release|Any CPU.ActiveCfg = Release|Any CPU
		{62EB1FBC-D77A-4BE3-A9F0-08FC64699A8F}.Release|Any CPU.Build.0 = Release|Any CPU
		{7C60637C-A35D-4E83-BDBD-EB1B981D8E30}.Debug|Any CPU.ActiveCfg = Debug|Any CPU
		{7C60637C-A35D-4E83-BDBD-EB1B981D8E30}.Debug|Any CPU.Build.0 = Debug|Any CPU
		{7C60637C-A35D-4E83-BDBD-EB1B981D8E30}.Debug|Any CPU.Deploy.0 = Debug|Any CPU
		{7C60637C-A35D-4E83-BDBD-EB1B981D8E30}.Release|Any CPU.ActiveCfg = Release|Any CPU
		{7C60637C-A35D-4E83-BDBD-EB1B981D8E30}.Release|Any CPU.Build.0 = Release|Any CPU
		{7C60637C-A35D-4E83-BDBD-EB1B981D8E30}.Release|Any CPU.Deploy.0 = Release|Any CPU
		{5C854DC7-66B1-4BA7-88F0-FAB5CEABB7EE}.Debug|Any CPU.ActiveCfg = Debug|Any CPU
		{5C854DC7-66B1-4BA7-88F0-FAB5CEABB7EE}.Debug|Any CPU.Build.0 = Debug|Any CPU
		{5C854DC7-66B1-4BA7-88F0-FAB5CEABB7EE}.Release|Any CPU.ActiveCfg = Release|Any CPU
		{5C854DC7-66B1-4BA7-88F0-FAB5CEABB7EE}.Release|Any CPU.Build.0 = Release|Any CPU
		{34AE4409-ABEB-41BB-8C3D-79ED10FB598B}.Debug|Any CPU.ActiveCfg = Debug|Any CPU
		{34AE4409-ABEB-41BB-8C3D-79ED10FB598B}.Debug|Any CPU.Build.0 = Debug|Any CPU
		{34AE4409-ABEB-41BB-8C3D-79ED10FB598B}.Debug|Any CPU.Deploy.0 = Debug|Any CPU
		{34AE4409-ABEB-41BB-8C3D-79ED10FB598B}.Release|Any CPU.ActiveCfg = Release|Any CPU
		{34AE4409-ABEB-41BB-8C3D-79ED10FB598B}.Release|Any CPU.Build.0 = Release|Any CPU
		{34AE4409-ABEB-41BB-8C3D-79ED10FB598B}.Release|Any CPU.Deploy.0 = Release|Any CPU
	EndGlobalSection
	GlobalSection(SolutionProperties) = preSolution
		HideSolutionNode = FALSE
	EndGlobalSection
	GlobalSection(NestedProjects) = preSolution
		{8C29D5EB-84DE-40B2-9343-A0D4950ECF61} = {3D3D0053-22B8-47F8-A2E0-62B06925990A}
		{F3F7CD87-6087-47E6-80A1-4D0BFC5F4164} = {1EA38B7B-7ACB-445B-9CE8-ADA22BA3F3D8}
		{234EFCCE-24AE-40FB-855A-DC7717F21C72} = {3D3D0053-22B8-47F8-A2E0-62B06925990A}
		{211AE8FE-8E59-494E-99C8-032491AFC0B2} = {54DF898C-25C8-4140-97EF-5C245E6A3F48}
		{359E0310-A030-4701-A343-4D8BA4689D6F} = {254C4329-C32C-44B7-84DC-AC807AADEAAE}
		{750A592E-0B90-46FF-B9D8-0A56A380F2CA} = {A50A7E8D-C3C9-4AB9-A983-8FB8B578F8D8}
		{59F7229D-FAAE-47A7-8222-334A764C20B0} = {1EA38B7B-7ACB-445B-9CE8-ADA22BA3F3D8}
		{85ACC20F-A206-4767-AFF4-E4F694D57F2D} = {51F0F34B-8049-4719-A430-C94CC1877ACF}
		{66731899-27E8-48E9-9747-EB3DAEB0D1E1} = {51F0F34B-8049-4719-A430-C94CC1877ACF}
		{F4DB1858-FAFB-4684-9C6C-953DE23F4070} = {B33B669C-B09B-419E-90DA-80B73750F0D0}
		{6979074A-D7D4-40D8-A837-176256BD3FAB} = {B33B669C-B09B-419E-90DA-80B73750F0D0}
		{00052B49-32E4-475A-B695-28D6E0380AB3} = {51F0F34B-8049-4719-A430-C94CC1877ACF}
		{F118F49F-786F-4F0C-8EEB-630867FD659A} = {41F9EA46-2736-480F-9E21-D06A1E863EEC}
		{9BA8A002-121D-4B55-9AE6-9EDE07C2C5AA} = {41F9EA46-2736-480F-9E21-D06A1E863EEC}
		{04F313D0-6DBA-449E-AFB6-955CB267C93C} = {3E7E00A2-42B1-4588-8F6C-274F72B766B1}
		{FAFBA83A-B471-41EB-BA92-068F8E59A7CB} = {3E7E00A2-42B1-4588-8F6C-274F72B766B1}
		{DE8A2712-9BFE-415E-B85E-CFDA3B96CFD8} = {3E7E00A2-42B1-4588-8F6C-274F72B766B1}
		{A37ACE0F-827E-4EAF-B35E-6515633226F7} = {F8334E2E-5B7C-4B30-A219-9861C83D4A9B}
		{07B9C80D-8904-4335-A835-7E29C21FF47C} = {F8334E2E-5B7C-4B30-A219-9861C83D4A9B}
		{944E7A75-C39D-4253-835A-E64EB07949D9} = {F8334E2E-5B7C-4B30-A219-9861C83D4A9B}
		{41F9EA46-2736-480F-9E21-D06A1E863EEC} = {CFC78933-2CC2-4234-AFDF-D8816722EE42}
		{F8334E2E-5B7C-4B30-A219-9861C83D4A9B} = {CFC78933-2CC2-4234-AFDF-D8816722EE42}
		{3E7E00A2-42B1-4588-8F6C-274F72B766B1} = {CFC78933-2CC2-4234-AFDF-D8816722EE42}
		{51F0F34B-8049-4719-A430-C94CC1877ACF} = {CFC78933-2CC2-4234-AFDF-D8816722EE42}
		{3D3D0053-22B8-47F8-A2E0-62B06925990A} = {CFC78933-2CC2-4234-AFDF-D8816722EE42}
		{B33B669C-B09B-419E-90DA-80B73750F0D0} = {568877F8-097D-4BC6-9FB6-ECF50142B217}
		{A50A7E8D-C3C9-4AB9-A983-8FB8B578F8D8} = {568877F8-097D-4BC6-9FB6-ECF50142B217}
		{254C4329-C32C-44B7-84DC-AC807AADEAAE} = {568877F8-097D-4BC6-9FB6-ECF50142B217}
		{05DFD4E6-D060-40DC-8184-68227A7A6B6B} = {CFC78933-2CC2-4234-AFDF-D8816722EE42}
		{AA2847FD-0ECD-4E92-9F38-AD3990761926} = {05DFD4E6-D060-40DC-8184-68227A7A6B6B}
		{BB1515DA-64EC-41EC-B78F-72A1A3998250} = {05DFD4E6-D060-40DC-8184-68227A7A6B6B}
		{423E077F-C559-4379-A2EC-41977206E174} = {05DFD4E6-D060-40DC-8184-68227A7A6B6B}
		{8F80E7F1-198C-49B9-B932-29BFFC21F7BA} = {CFC78933-2CC2-4234-AFDF-D8816722EE42}
		{C5B5E56C-EC94-4E73-8D62-1472766F08B4} = {8F80E7F1-198C-49B9-B932-29BFFC21F7BA}
		{C4701EF2-CBD4-4B58-87E9-D466CFBF1E4B} = {8F80E7F1-198C-49B9-B932-29BFFC21F7BA}
		{BDEEBBD7-403C-48C5-B2CB-3A1360A82862} = {8F80E7F1-198C-49B9-B932-29BFFC21F7BA}
		{5BE56C19-E859-4105-A85E-44BB3D597B2F} = {54DF898C-25C8-4140-97EF-5C245E6A3F48}
		{1E72B621-B342-41C7-A14C-83B53F879078} = {CFC78933-2CC2-4234-AFDF-D8816722EE42}
		{62EB1FBC-D77A-4BE3-A9F0-08FC64699A8F} = {1E72B621-B342-41C7-A14C-83B53F879078}
		{7C60637C-A35D-4E83-BDBD-EB1B981D8E30} = {1E72B621-B342-41C7-A14C-83B53F879078}
		{E6054D07-483F-4B35-B235-A82EA5661447} = {568877F8-097D-4BC6-9FB6-ECF50142B217}
		{867B36B3-FDCB-4C1E-8BD0-C08757D13539} = {E6054D07-483F-4B35-B235-A82EA5661447}
		{5C854DC7-66B1-4BA7-88F0-FAB5CEABB7EE} = {867B36B3-FDCB-4C1E-8BD0-C08757D13539}
		{34AE4409-ABEB-41BB-8C3D-79ED10FB598B} = {1E72B621-B342-41C7-A14C-83B53F879078}
		{1EA38B7B-7ACB-445B-9CE8-ADA22BA3F3D8} = {CFC78933-2CC2-4234-AFDF-D8816722EE42}
	EndGlobalSection
	GlobalSection(ExtensibilityGlobals) = postSolution
		SolutionGuid = {231E78D9-CED2-42AC-8E3E-61525B8B4550}
		EnterpriseLibraryConfigurationToolBinariesPathV6 = packages\EnterpriseLibrary.Common.6.0.1304.0\lib\NET45;packages\EnterpriseLibrary.TransientFaultHandling.6.0.1304.0\lib\portable-net45+win+wp8;packages\EnterpriseLibrary.TransientFaultHandling.Caching.6.0.1304.0\lib\NET45;packages\EnterpriseLibrary.TransientFaultHandling.Data.6.0.1304.1\lib\NET45;packages\EnterpriseLibrary.TransientFaultHandling.ServiceBus.6.0.1304.0\lib\NET45;packages\EnterpriseLibrary.TransientFaultHandling.WindowsAzure.Storage.6.0.1304.0\lib\NET45;packages\EnterpriseLibrary.TransientFaultHandling.Configuration.6.0.1304.0\lib\NET45
	EndGlobalSection
EndGlobal
